
Microsoft Visual Studio Solution File, Format Version 12.00
# Visual Studio Version 17
VisualStudioVersion = 17.0.32126.317
MinimumVisualStudioVersion = 10.0.40219.1
Project("{FAE04EC0-301F-11D3-BF4B-00C04F79EFBC}") = "FootLocker", "FootLocker\FootLocker.csproj", "{392C1777-C3A9-4B09-9890-9F6993FFAA1D}"
EndProject
Global
	GlobalSection(SolutionConfigurationPlatforms) = preSolution
		Debug|Any CPU = Debug|Any CPU
		Release|Any CPU = Release|Any CPU
	EndGlobalSection
	GlobalSection(ProjectConfigurationPlatforms) = postSolution
		{392C1777-C3A9-4B09-9890-9F6993FFAA1D}.Debug|Any CPU.ActiveCfg = Debug|Any CPU
		{392C1777-C3A9-4B09-9890-9F6993FFAA1D}.Debug|Any CPU.Build.0 = Debug|Any CPU
		{392C1777-C3A9-4B09-9890-9F6993FFAA1D}.Release|Any CPU.ActiveCfg = Release|Any CPU
		{392C1777-C3A9-4B09-9890-9F6993FFAA1D}.Release|Any CPU.Build.0 = Release|Any CPU
	EndGlobalSection
	GlobalSection(SolutionProperties) = preSolution
		HideSolutionNode = FALSE
	EndGlobalSection
	GlobalSection(ExtensibilityGlobals) = postSolution
		SolutionGuid = {D35FEC85-624B-4632-8B90-AE4501AA3FF9}
	EndGlobalSection
EndGlobal
